Microsoft Visual Studio Solution File, Format Version 10.00
# Visual Studio 2008

Project("{BFDDABBC-A482-5FDA-7324-F7E26738817D}") = "UnityKinect", "Assembly-CSharp.csproj", "{B4D88EEF-4CA4-C9C5-1DF6-E39E8B1AC65F}"
EndProject
Project("{BFDDABBC-A482-5FDA-7324-F7E26738817D}") = "UnityKinect", "Assembly-CSharp-Editor.csproj", "{19618A46-DAE5-290E-532D-F8594A14EAC9}"
EndProject
Project("{BFDDABBC-A482-5FDA-7324-F7E26738817D}") = "UnityKinect", "Assembly-UnityScript.unityproj", "{EB313F02-EDD3-E273-539E-8C16F2D72789}"
EndProject
Global
	GlobalSection(SolutionConfigurationPlatforms) = preSolution
		Debug|Any CPU = Debug|Any CPU
		Release|Any CPU = Release|Any CPU
	EndGlobalSection
	GlobalSection(ProjectConfigurationPlatforms) = postSolution
		{B4D88EEF-4CA4-C9C5-1DF6-E39E8B1AC65F}.Debug|Any CPU.ActiveCfg = Debug|Any CPU
		{B4D88EEF-4CA4-C9C5-1DF6-E39E8B1AC65F}.Debug|Any CPU.Build.0 = Debug|Any CPU
		{B4D88EEF-4CA4-C9C5-1DF6-E39E8B1AC65F}.Release|Any CPU.ActiveCfg = Release|Any CPU
		{B4D88EEF-4CA4-C9C5-1DF6-E39E8B1AC65F}.Release|Any CPU.Build.0 = Release|Any CPU
		{19618A46-DAE5-290E-532D-F8594A14EAC9}.Debug|Any CPU.ActiveCfg = Debug|Any CPU
		{19618A46-DAE5-290E-532D-F8594A14EAC9}.Debug|Any CPU.Build.0 = Debug|Any CPU
		{19618A46-DAE5-290E-532D-F8594A14EAC9}.Release|Any CPU.ActiveCfg = Release|Any CPU
		{19618A46-DAE5-290E-532D-F8594A14EAC9}.Release|Any CPU.Build.0 = Release|Any CPU
		{EB313F02-EDD3-E273-539E-8C16F2D72789}.Debug|Any CPU.ActiveCfg = Debug|Any CPU
		{EB313F02-EDD3-E273-539E-8C16F2D72789}.Debug|Any CPU.Build.0 = Debug|Any CPU
		{EB313F02-EDD3-E273-539E-8C16F2D72789}.Release|Any CPU.ActiveCfg = Release|Any CPU
		{EB313F02-EDD3-E273-539E-8C16F2D72789}.Release|Any CPU.Build.0 = Release|Any CPU
	EndGlobalSection
	GlobalSection(SolutionProperties) = preSolution
		HideSolutionNode = FALSE
	EndGlobalSection
																																																																																																																																																																																																																																																																																																																																																																																																																										GlobalSection(MonoDevelopProperties) = preSolution
		StartupItem = Assembly-CSharp.csproj
		Policies = $0
		$0.TextStylePolicy = $1
		$1.inheritsSet = null
		$1.scope = text/x-csharp
		$0.CSharpFormattingPolicy = $2
		$2.inheritsSet = Mono
		$2.inheritsScope = text/x-csharp
		$2.scope = text/x-csharp
		$0.TextStylePolicy = $3
		$3.FileWidth = 120
		$3.TabWidth = 4
		$3.EolMarker = Unix
		$3.inheritsSet = Mono
		$3.inheritsScope = text/plain
		$3.scope = text/plain
	EndGlobalSection

EndGlobal
